Microsoft Visual Studio Solution File, Format Version 12.00
# Visual Studio 15
VisualStudioVersion = 15.0.28010.2036
MinimumVisualStudioVersion = 10.0.40219.1
Project("{9A19103F-16F7-4668-BE54-9A1E7A4F7556}") = "Graph", "src\Graph\Graph.csproj", "{26F6A9AE-7AD4-4703-AD4F-692659E2497F}"
EndProject
Project("{9A19103F-16F7-4668-BE54-9A1E7A4F7556}") = "Graph.Tests", "tests\Graph.Tests\Graph.Tests.csproj", "{22FF9588-DCA2-4C10-994E-EC4AC0FF75EA}"
EndProject
Project("{2150E333-8FDC-42A3-9474-1A3956D46DE8}") = "SolutionItems", "SolutionItems", "{F49725AC-C22B-4EBB-B925-88DA774A0168}"
	ProjectSection(SolutionItems) = preProject
		.editorconfig = .editorconfig
		.gitignore = .gitignore
		.travis.yml = .travis.yml
		after.Grun.Math.sln.targets = after.Grun.Math.sln.targets
		appveyor.yml = appveyor.yml
		Directory.Build.targets = Directory.Build.targets
		LICENSE = LICENSE
		README.md = README.md
	EndProjectSection
EndProject
Project("{8BC9CEB8-8B4A-11D0-8D11-00A0C91BC942}") = "GraphCpp", "GraphCpp\GraphCpp.vcxproj", "{0BCD1F84-5CB5-42B4-81BB-9D21516ABEF9}"
EndProject
Global
	GlobalSection(SolutionConfigurationPlatforms) = preSolution
		Debug|Any CPU = Debug|Any CPU
		Debug|x64 = Debug|x64
		Debug|x86 = Debug|x86
		Release|Any CPU = Release|Any CPU
		Release|x64 = Release|x64
		Release|x86 = Release|x86
	EndGlobalSection
	GlobalSection(ProjectConfigurationPlatforms) = postSolution
		{26F6A9AE-7AD4-4703-AD4F-692659E2497F}.Debug|Any CPU.ActiveCfg = Debug|Any CPU
		{26F6A9AE-7AD4-4703-AD4F-692659E2497F}.Debug|Any CPU.Build.0 = Debug|Any CPU
		{26F6A9AE-7AD4-4703-AD4F-692659E2497F}.Debug|x64.ActiveCfg = Debug|Any CPU
		{26F6A9AE-7AD4-4703-AD4F-692659E2497F}.Debug|x64.Build.0 = Debug|Any CPU
		{26F6A9AE-7AD4-4703-AD4F-692659E2497F}.Debug|x86.ActiveCfg = Debug|Any CPU
		{26F6A9AE-7AD4-4703-AD4F-692659E2497F}.Debug|x86.Build.0 = Debug|Any CPU
		{26F6A9AE-7AD4-4703-AD4F-692659E2497F}.Release|Any CPU.ActiveCfg = Release|Any CPU
		{26F6A9AE-7AD4-4703-AD4F-692659E2497F}.Release|Any CPU.Build.0 = Release|Any CPU
		{26F6A9AE-7AD4-4703-AD4F-692659E2497F}.Release|x64.ActiveCfg = Release|Any CPU
		{26F6A9AE-7AD4-4703-AD4F-692659E2497F}.Release|x64.Build.0 = Release|Any CPU
		{26F6A9AE-7AD4-4703-AD4F-692659E2497F}.Release|x86.ActiveCfg = Release|Any CPU
		{26F6A9AE-7AD4-4703-AD4F-692659E2497F}.Release|x86.Build.0 = Release|Any CPU
		{22FF9588-DCA2-4C10-994E-EC4AC0FF75EA}.Debug|Any CPU.ActiveCfg = Debug|Any CPU
		{22FF9588-DCA2-4C10-994E-EC4AC0FF75EA}.Debug|Any CPU.Build.0 = Debug|Any CPU
		{22FF9588-DCA2-4C10-994E-EC4AC0FF75EA}.Debug|x64.ActiveCfg = Debug|Any CPU
		{22FF9588-DCA2-4C10-994E-EC4AC0FF75EA}.Debug|x64.Build.0 = Debug|Any CPU
		{22FF9588-DCA2-4C10-994E-EC4AC0FF75EA}.Debug|x86.ActiveCfg = Debug|Any CPU
		{22FF9588-DCA2-4C10-994E-EC4AC0FF75EA}.Debug|x86.Build.0 = Debug|Any CPU
		{22FF9588-DCA2-4C10-994E-EC4AC0FF75EA}.Release|Any CPU.ActiveCfg = Release|Any CPU
		{22FF9588-DCA2-4C10-994E-EC4AC0FF75EA}.Release|Any CPU.Build.0 = Release|Any CPU
		{22FF9588-DCA2-4C10-994E-EC4AC0FF75EA}.Release|x64.ActiveCfg = Release|Any CPU
		{22FF9588-DCA2-4C10-994E-EC4AC0FF75EA}.Release|x64.Build.0 = Release|Any CPU
		{22FF9588-DCA2-4C10-994E-EC4AC0FF75EA}.Release|x86.ActiveCfg = Release|Any CPU
		{22FF9588-DCA2-4C10-994E-EC4AC0FF75EA}.Release|x86.Build.0 = Release|Any CPU
		{0BCD1F84-5CB5-42B4-81BB-9D21516ABEF9}.Debug|Any CPU.ActiveCfg = Debug|Win32
		{0BCD1F84-5CB5-42B4-81BB-9D21516ABEF9}.Debug|x64.ActiveCfg = Debug|x64
		{0BCD1F84-5CB5-42B4-81BB-9D21516ABEF9}.Debug|x64.Build.0 = Debug|x64
		{0BCD1F84-5CB5-42B4-81BB-9D21516ABEF9}.Debug|x86.ActiveCfg = Debug|Win32
		{0BCD1F84-5CB5-42B4-81BB-9D21516ABEF9}.Debug|x86.Build.0 = Debug|Win32
		{0BCD1F84-5CB5-42B4-81BB-9D21516ABEF9}.Release|Any CPU.ActiveCfg = Release|Win32
		{0BCD1F84-5CB5-42B4-81BB-9D21516ABEF9}.Release|x64.ActiveCfg = Release|x64
		{0BCD1F84-5CB5-42B4-81BB-9D21516ABEF9}.Release|x64.Build.0 = Release|x64
		{0BCD1F84-5CB5-42B4-81BB-9D21516ABEF9}.Release|x86.ActiveCfg = Release|Win32
		{0BCD1F84-5CB5-42B4-81BB-9D21516ABEF9}.Release|x86.Build.0 = Release|Win32
	EndGlobalSection
	GlobalSection(SolutionProperties) = preSolution
		HideSolutionNode = FALSE
	EndGlobalSection
	GlobalSection(ExtensibilityGlobals) = postSolution
		SolutionGuid = {EAC04130-4D12-41E5-8D4C-B2D42BC38441}
	EndGlobalSection
	GlobalSection(MonoDevelopProperties) = preSolution
		Policies = $0
		$0.DotNetNamingPolicy = $1
		$1.DirectoryNamespaceAssociation = PrefixedHierarchical
		$0.TextStylePolicy = $4
		$2.scope = text/x-csharp
		$2.FileWidth = 80
		$2.TabsToSpaces = True
		$2.NoTabsAfterNonTabs = True
		$0.CSharpFormattingPolicy = $3
		$3.scope = text/x-csharp
		$4.FileWidth = 80
		$4.TabsToSpaces = True
		$4.scope = text/plain
		$4.NoTabsAfterNonTabs = True
		$0.StandardHeader = $5
		$0.VersionControlPolicy = $6
		$6.CommitMessageStyle = $7
		$7.LastFilePostfix = @:\n
		$7.LineAlign = 0
		$7.InterMessageLines = 0
		$7.IncludeDirectoryPaths = True
		$7.Wrap = False
	EndGlobalSection
EndGlobal
